
Microsoft Visual Studio Solution File, Format Version 12.00
# Visual Studio Version 16
VisualStudioVersion = 16.0.30204.135
MinimumVisualStudioVersion = 10.0.40219.1
Project("{FAE04EC0-301F-11D3-BF4B-00C04F79EFBC}") = "Ashes Wind - Launcher", "Ashes Wind - Launcher\Ashes Wind - Launcher.csproj", "{EF3CE03E-B487-49CA-A66B-26F98B1897B2}"
EndProject
Global
	GlobalSection(SolutionConfigurationPlatforms) = preSolution
		Debug|Any CPU = Debug|Any CPU
		Release|Any CPU = Release|Any CPU
	EndGlobalSection
	GlobalSection(ProjectConfigurationPlatforms) = postSolution
		{EF3CE03E-B487-49CA-A66B-26F98B1897B2}.Debug|Any CPU.ActiveCfg = Debug|Any CPU
		{EF3CE03E-B487-49CA-A66B-26F98B1897B2}.Debug|Any CPU.Build.0 = Debug|Any CPU
		{EF3CE03E-B487-49CA-A66B-26F98B1897B2}.Release|Any CPU.ActiveCfg = Release|Any CPU
		{EF3CE03E-B487-49CA-A66B-26F98B1897B2}.Release|Any CPU.Build.0 = Release|Any CPU
	EndGlobalSection
	GlobalSection(SolutionProperties) = preSolution
		HideSolutionNode = FALSE
	EndGlobalSection
	GlobalSection(ExtensibilityGlobals) = postSolution
		SolutionGuid = {1742C98E-D987-4E90-A697-9A8B26A5F95E}
	EndGlobalSection
EndGlobal
